
Microsoft Visual Studio Solution File, Format Version 12.00
# Visual Studio Version 16
VisualStudioVersion = 16.0.31025.194
MinimumVisualStudioVersion = 10.0.40219.1
Project("{8BC9CEB8-8B4A-11D0-8D11-00A0C91BC942}") = "Lab2_Nosov_1k_2s_04.04.2021", "Lab2_Nosov_1k_2s_04.04.2021\Lab2_Nosov_1k_2s_04.04.2021.vcxproj", "{225EF47D-F256-4261-9DD9-76FFEE1E8D95}"
EndProject
Global
	GlobalSection(SolutionConfigurationPlatforms) = preSolution
		Debug|x64 = Debug|x64
		Debug|x86 = Debug|x86
		Release|x64 = Release|x64
		Release|x86 = Release|x86
		Test_Debug|x64 = Test_Debug|x64
		Test_Debug|x86 = Test_Debug|x86
	EndGlobalSection
	GlobalSection(ProjectConfigurationPlatforms) = postSolution
		{225EF47D-F256-4261-9DD9-76FFEE1E8D95}.Debug|x64.ActiveCfg = Debug|x64
		{225EF47D-F256-4261-9DD9-76FFEE1E8D95}.Debug|x64.Build.0 = Debug|x64
		{225EF47D-F256-4261-9DD9-76FFEE1E8D95}.Debug|x86.ActiveCfg = Debug|Win32
		{225EF47D-F256-4261-9DD9-76FFEE1E8D95}.Debug|x86.Build.0 = Debug|Win32
		{225EF47D-F256-4261-9DD9-76FFEE1E8D95}.Release|x64.ActiveCfg = Release|x64
		{225EF47D-F256-4261-9DD9-76FFEE1E8D95}.Release|x64.Build.0 = Release|x64
		{225EF47D-F256-4261-9DD9-76FFEE1E8D95}.Release|x86.ActiveCfg = Release|Win32
		{225EF47D-F256-4261-9DD9-76FFEE1E8D95}.Release|x86.Build.0 = Release|Win32
		{225EF47D-F256-4261-9DD9-76FFEE1E8D95}.Test_Debug|x64.ActiveCfg = Test_Debug|x64
		{225EF47D-F256-4261-9DD9-76FFEE1E8D95}.Test_Debug|x64.Build.0 = Test_Debug|x64
		{225EF47D-F256-4261-9DD9-76FFEE1E8D95}.Test_Debug|x86.ActiveCfg = Test_Debug|Win32
		{225EF47D-F256-4261-9DD9-76FFEE1E8D95}.Test_Debug|x86.Build.0 = Test_Debug|Win32
	EndGlobalSection
	GlobalSection(SolutionProperties) = preSolution
		HideSolutionNode = FALSE
	EndGlobalSection
	GlobalSection(ExtensibilityGlobals) = postSolution
		SolutionGuid = {220964AB-7225-4DA9-A1D1-6C5349C296AA}
	EndGlobalSection
EndGlobal
